// !$*UTF8*$!
{
	archiveVersion = 1;
	classes = {
	};
	objectVersion = 50;
	objects = {

/* Begin PBXBuildFile section */
		1EF2B7EC279817A300BBDE71 /* TamagotchiApp.swift in Sources */ = {isa = PBXBuildFile; fileRef = 1EF2B7EB279817A300BBDE71 /* TamagotchiApp.swift */; };
		1EF2B7EE279817A300BBDE71 /* ContentView.swift in Sources */ = {isa = PBXBuildFile; fileRef = 1EF2B7ED279817A300BBDE71 /* ContentView.swift */; };
		1EF2B7F0279817A500BBDE71 /* Assets.xcassets in Resources */ = {isa = PBXBuildFile; fileRef = 1EF2B7EF279817A500BBDE71 /* Assets.xcassets */; };
		1EF2B7F3279817A500BBDE71 /* Preview Assets.xcassets in Resources */ = {isa = PBXBuildFile; fileRef = 1EF2B7F2279817A500BBDE71 /* Preview Assets.xcassets */; };
		1EF2B7FE279817A600BBDE71 /* TamagotchiTests.swift in Sources */ = {isa = PBXBuildFile; fileRef = 1EF2B7FD279817A600BBDE71 /* TamagotchiTests.swift */; };
		1EF2B809279817A600BBDE71 /* TamagotchiUITests.swift in Sources */ = {isa = PBXBuildFile; fileRef = 1EF2B808279817A600BBDE71 /* TamagotchiUITests.swift */; };
/* End PBXBuildFile section */

/* Begin PBXContainerItemProxy section */
		1EF2B7FA279817A600BBDE71 /* PBXContainerItemProxy */ = {
			isa = PBXContainerItemProxy;
			containerPortal = 1EF2B7E0279817A300BBDE71 /* Project object */;
			proxyType = 1;
			remoteGlobalIDString = 1EF2B7E7279817A300BBDE71;
			remoteInfo = Tamagotchi;
		};
		1EF2B805279817A600BBDE71 /* PBXContainerItemProxy */ = {
			isa = PBXContainerItemProxy;
			containerPortal = 1EF2B7E0279817A300BBDE71 /* Project object */;
			proxyType = 1;
			remoteGlobalIDString = 1EF2B7E7279817A300BBDE71;
			remoteInfo = Tamagotchi;
		};
/* End PBXContainerItemProxy section */

/* Begin PBXFileReference section */
		1EF2B7E8279817A300BBDE71 /* Tamagotchi.app */ = {isa = PBXFileReference; explicitFileType = wrapper.application; includeInIndex = 0; path = Tamagotchi.app; sourceTree = BUILT_PRODUCTS_DIR; };
		1EF2B7EB279817A300BBDE71 /* TamagotchiApp.swift */ = {isa = PBXFileReference; lastKnownFileType = sourcecode.swift; path = TamagotchiApp.swift; sourceTree = "<group>"; };
		1EF2B7ED279817A300BBDE71 /* ContentView.swift */ = {isa = PBXFileReference; lastKnownFileType = sourcecode.swift; path = ContentView.swift; sourceTree = "<group>"; };
		1EF2B7EF279817A500BBDE71 /* Assets.xcassets */ = {isa = PBXFileReference; lastKnownFileType = folder.assetcatalog; path = Assets.xcassets; sourceTree = "<group>"; };
		1EF2B7F2279817A500BBDE71 /* Preview Assets.xcassets */ = {isa = PBXFileReference; lastKnownFileType = folder.assetcatalog; path = "Preview Assets.xcassets"; sourceTree = "<group>"; };
		1EF2B7F4279817A500BBDE71 /* Info.plist */ = {isa = PBXFileReference; lastKnownFileType = text.plist.xml; path = Info.plist; sourceTree = "<group>"; };
		1EF2B7F9279817A600BBDE71 /* TamagotchiTests.xctest */ = {isa = PBXFileReference; explicitFileType = wrapper.cfbundle; includeInIndex = 0; path = TamagotchiTests.xctest; sourceTree = BUILT_PRODUCTS_DIR; };
		1EF2B7FD279817A600BBDE71 /* TamagotchiTests.swift */ = {isa = PBXFileReference; lastKnownFileType = sourcecode.swift; path = TamagotchiTests.swift; sourceTree = "<group>"; };
		1EF2B7FF279817A600BBDE71 /* Info.plist */ = {isa = PBXFileReference; lastKnownFileType = text.plist.xml; path = Info.plist; sourceTree = "<group>"; };
		1EF2B804279817A600BBDE71 /* TamagotchiUITests.xctest */ = {isa = PBXFileReference; explicitFileType = wrapper.cfbundle; includeInIndex = 0; path = TamagotchiUITests.xctest; sourceTree = BUILT_PRODUCTS_DIR; };
		1EF2B808279817A600BBDE71 /* TamagotchiUITests.swift */ = {isa = PBXFileReference; lastKnownFileType = sourcecode.swift; path = TamagotchiUITests.swift; sourceTree = "<group>"; };
		1EF2B80A279817A600BBDE71 /* Info.plist */ = {isa = PBXFileReference; lastKnownFileType = text.plist.xml; path = Info.plist; sourceTree = "<group>"; };
/* End PBXFileReference section */

/* Begin PBXFrameworksBuildPhase section */
		1EF2B7E5279817A300BBDE71 /* Frameworks */ = {
			isa = PBXFrameworksBuildPhase;
			buildActionMask = 2147483647;
			files = (
			);
			runOnlyForDeploymentPostprocessing = 0;
		};
		1EF2B7F6279817A600BBDE71 /* Frameworks */ = {
			isa = PBXFrameworksBuildPhase;
			buildActionMask = 2147483647;
			files = (
			);
			runOnlyForDeploymentPostprocessing = 0;
		};
		1EF2B801279817A600BBDE71 /* Frameworks */ = {
			isa = PBXFrameworksBuildPhase;
			buildActionMask = 2147483647;
			files = (
			);
			runOnlyForDeploymentPostprocessing = 0;
		};
/* End PBXFrameworksBuildPhase section */

/* Begin PBXGroup section */
		1EF2B7DF279817A300BBDE71 = {
			isa = PBXGroup;
			children = (
				1EF2B7EA279817A300BBDE71 /* Tamagotchi */,
				1EF2B7FC279817A600BBDE71 /* TamagotchiTests */,
				1EF2B807279817A600BBDE71 /* TamagotchiUITests */,
				1EF2B7E9279817A300BBDE71 /* Products */,
			);
			sourceTree = "<group>";
		};
		1EF2B7E9279817A300BBDE71 /* Products */ = {
			isa = PBXGroup;
			children = (
				1EF2B7E8279817A300BBDE71 /* Tamagotchi.app */,
				1EF2B7F9279817A600BBDE71 /* TamagotchiTests.xctest */,
				1EF2B804279817A600BBDE71 /* TamagotchiUITests.xctest */,
			);
			name = Products;
			sourceTree = "<group>";
		};
		1EF2B7EA279817A300BBDE71 /* Tamagotchi */ = {
			isa = PBXGroup;
			children = (
				1EF2B7EB279817A300BBDE71 /* TamagotchiApp.swift */,
				1EF2B7ED279817A300BBDE71 /* ContentView.swift */,
				1EF2B7EF279817A500BBDE71 /* Assets.xcassets */,
				1EF2B7F4279817A500BBDE71 /* Info.plist */,
				1EF2B7F1279817A500BBDE71 /* Preview Content */,
			);
			path = Tamagotchi;
			sourceTree = "<group>";
		};
		1EF2B7F1279817A500BBDE71 /* Preview Content */ = {
			isa = PBXGroup;
			children = (
				1EF2B7F2279817A500BBDE71 /* Preview Assets.xcassets */,
			);
			path = "Preview Content";
			sourceTree = "<group>";
		};
		1EF2B7FC279817A600BBDE71 /* TamagotchiTests */ = {
			isa = PBXGroup;
			children = (
				1EF2B7FD279817A600BBDE71 /* TamagotchiTests.swift */,
				1EF2B7FF279817A600BBDE71 /* Info.plist */,
			);
			path = TamagotchiTests;
			sourceTree = "<group>";
		};
		1EF2B807279817A600BBDE71 /* TamagotchiUITests */ = {
			isa = PBXGroup;
			children = (
				1EF2B808279817A600BBDE71 /* TamagotchiUITests.swift */,
				1EF2B80A279817A600BBDE71 /* Info.plist */,
			);
			path = TamagotchiUITests;
			sourceTree = "<group>";
		};
/* End PBXGroup section */

/* Begin PBXNativeTarget section */
		1EF2B7E7279817A300BBDE71 /* Tamagotchi */ = {
			isa = PBXNativeTarget;
			buildConfigurationList = 1EF2B80D279817A600BBDE71 /* Build configuration list for PBXNativeTarget "Tamagotchi" */;
			buildPhases = (
				1EF2B7E4279817A300BBDE71 /* Sources */,
				1EF2B7E5279817A300BBDE71 /* Frameworks */,
				1EF2B7E6279817A300BBDE71 /* Resources */,
			);
			buildRules = (
			);
			dependencies = (
			);
			name = Tamagotchi;
			productName = Tamagotchi;
			productReference = 1EF2B7E8279817A300BBDE71 /* Tamagotchi.app */;
			productType = "com.apple.product-type.application";
		};
		1EF2B7F8279817A600BBDE71 /* TamagotchiTests */ = {
			isa = PBXNativeTarget;
			buildConfigurationList = 1EF2B810279817A600BBDE71 /* Build configuration list for PBXNativeTarget "TamagotchiTests" */;
			buildPhases = (
				1EF2B7F5279817A600BBDE71 /* Sources */,
				1EF2B7F6279817A600BBDE71 /* Frameworks */,
				1EF2B7F7279817A600BBDE71 /* Resources */,
			);
			buildRules = (
			);
			dependencies = (
				1EF2B7FB279817A600BBDE71 /* PBXTargetDependency */,
			);
			name = TamagotchiTests;
			productName = TamagotchiTests;
			productReference = 1EF2B7F9279817A600BBDE71 /* TamagotchiTests.xctest */;
			productType = "com.apple.product-type.bundle.unit-test";
		};
		1EF2B803279817A600BBDE71 /* TamagotchiUITests */ = {
			isa = PBXNativeTarget;
			buildConfigurationList = 1EF2B813279817A600BBDE71 /* Build configuration list for PBXNativeTarget "TamagotchiUITests" */;
			buildPhases = (
				1EF2B800279817A600BBDE71 /* Sources */,
				1EF2B801279817A600BBDE71 /* Frameworks */,
				1EF2B802279817A600BBDE71 /* Resources */,
			);
			buildRules = (
			);
			dependencies = (
				1EF2B806279817A600BBDE71 /* PBXTargetDependency */,
			);
			name = TamagotchiUITests;
			productName = TamagotchiUITests;
			productReference = 1EF2B804279817A600BBDE71 /* TamagotchiUITests.xctest */;
			productType = "com.apple.product-type.bundle.ui-testing";
		};
/* End PBXNativeTarget section */

/* Begin PBXProject section */
		1EF2B7E0279817A300BBDE71 /* Project object */ = {
			isa = PBXProject;
			attributes = {
				LastSwiftUpdateCheck = 1240;
				LastUpgradeCheck = 1240;
				TargetAttributes = {
					1EF2B7E7279817A300BBDE71 = {
						CreatedOnToolsVersion = 12.4;
					};
					1EF2B7F8279817A600BBDE71 = {
						CreatedOnToolsVersion = 12.4;
						TestTargetID = 1EF2B7E7279817A300BBDE71;
					};
					1EF2B803279817A600BBDE71 = {
						CreatedOnToolsVersion = 12.4;
						TestTargetID = 1EF2B7E7279817A300BBDE71;
					};
				};
			};
			buildConfigurationList = 1EF2B7E3279817A300BBDE71 /* Build configuration list for PBXProject "Tamagotchi" */;
			compatibilityVersion = "Xcode 9.3";
			developmentRegion = en;
			hasScannedForEncodings = 0;
			knownRegions = (
				en,
				Base,
			);
			mainGroup = 1EF2B7DF279817A300BBDE71;
			productRefGroup = 1EF2B7E9279817A300BBDE71 /* Products */;
			projectDirPath = "";
			projectRoot = "";
			targets = (
				1EF2B7E7279817A300BBDE71 /* Tamagotchi */,
				1EF2B7F8279817A600BBDE71 /* TamagotchiTests */,
				1EF2B803279817A600BBDE71 /* TamagotchiUITests */,
			);
		};
/* End PBXProject section */

/* Begin PBXResourcesBuildPhase section */
		1EF2B7E6279817A300BBDE71 /* Resources */ = {
			isa = PBXResourcesBuildPhase;
			buildActionMask = 2147483647;
			files = (
				1EF2B7F3279817A500BBDE71 /* Preview Assets.xcassets in Resources */,
				1EF2B7F0279817A500BBDE71 /* Assets.xcassets in Resources */,
			);
			runOnlyForDeploymentPostprocessing = 0;
		};
		1EF2B7F7279817A600BBDE71 /* Resources */ = {
			isa = PBXResourcesBuildPhase;
			buildActionMask = 2147483647;
			files = (
			);
			runOnlyForDeploymentPostprocessing = 0;
		};
		1EF2B802279817A600BBDE71 /* Resources */ = {
			isa = PBXResourcesBuildPhase;
			buildActionMask = 2147483647;
			files = (
			);
			runOnlyForDeploymentPostprocessing = 0;
		};
/* End PBXResourcesBuildPhase section */

/* Begin PBXSourcesBuildPhase section */
		1EF2B7E4279817A300BBDE71 /* Sources */ = {
			isa = PBXSourcesBuildPhase;
			buildActionMask = 2147483647;
			files = (
				1EF2B7EE279817A300BBDE71 /* ContentView.swift in Sources */,
				1EF2B7EC279817A300BBDE71 /* TamagotchiApp.swift in Sources */,
			);
			runOnlyForDeploymentPostprocessing = 0;
		};
		1EF2B7F5279817A600BBDE71 /* Sources */ = {
			isa = PBXSourcesBuildPhase;
			buildActionMask = 2147483647;
			files = (
				1EF2B7FE279817A600BBDE71 /* TamagotchiTests.swift in Sources */,
			);
			runOnlyForDeploymentPostprocessing = 0;
		};
		1EF2B800279817A600BBDE71 /* Sources */ = {
			isa = PBXSourcesBuildPhase;
			buildActionMask = 2147483647;
			files = (
				1EF2B809279817A600BBDE71 /* TamagotchiUITests.swift in Sources */,
			);
			runOnlyForDeploymentPostprocessing = 0;
		};
/* End PBXSourcesBuildPhase section */

/* Begin PBXTargetDependency section */
		1EF2B7FB279817A600BBDE71 /* PBXTargetDependency */ = {
			isa = PBXTargetDependency;
			target = 1EF2B7E7279817A300BBDE71 /* Tamagotchi */;
			targetProxy = 1EF2B7FA279817A600BBDE71 /* PBXContainerItemProxy */;
		};
		1EF2B806279817A600BBDE71 /* PBXTargetDependency */ = {
			isa = PBXTargetDependency;
			target = 1EF2B7E7279817A300BBDE71 /* Tamagotchi */;
			targetProxy = 1EF2B805279817A600BBDE71 /* PBXContainerItemProxy */;
		};
/* End PBXTargetDependency section */

/* Begin XCBuildConfiguration section */
		1EF2B80B279817A600BBDE71 /* Debug */ = {
			isa = XCBuildConfiguration;
			buildSettings = {
				ALWAYS_SEARCH_USER_PATHS = NO;
				CLANG_ANALYZER_NONNULL = YES;
				CLANG_ANALYZER_NUMBER_OBJECT_CONVERSION = YES_AGGRESSIVE;
				CLANG_CXX_LANGUAGE_STANDARD = "gnu++14";
				CLANG_CXX_LIBRARY = "libc++";
				CLANG_ENABLE_MODULES = YES;
				CLANG_ENABLE_OBJC_ARC = YES;
				CLANG_ENABLE_OBJC_WEAK = YES;
				CLANG_WARN_BLOCK_CAPTURE_AUTORELEASING = YES;
				CLANG_WARN_BOOL_CONVERSION = YES;
				CLANG_WARN_COMMA = YES;
				CLANG_WARN_CONSTANT_CONVERSION = YES;
				CLANG_WARN_DEPRECATED_OBJC_IMPLEMENTATIONS = YES;
				CLANG_WARN_DIRECT_OBJC_ISA_USAGE = YES_ERROR;
				CLANG_WARN_DOCUMENTATION_COMMENTS = YES;
				CLANG_WARN_EMPTY_BODY = YES;
				CLANG_WARN_ENUM_CONVERSION = YES;
				CLANG_WARN_INFINITE_RECURSION = YES;
				CLANG_WARN_INT_CONVERSION = YES;
				CLANG_WARN_NON_LITERAL_NULL_CONVERSION = YES;
				CLANG_WARN_OBJC_IMPLICIT_RETAIN_SELF = YES;
				CLANG_WARN_OBJC_LITERAL_CONVERSION = YES;
				CLANG_WARN_OBJC_ROOT_CLASS = YES_ERROR;
				CLANG_WARN_QUOTED_INCLUDE_IN_FRAMEWORK_HEADER = YES;
				CLANG_WARN_RANGE_LOOP_ANALYSIS = YES;
				CLANG_WARN_STRICT_PROTOTYPES = YES;
				CLANG_WARN_SUSPICIOUS_MOVE = YES;
				CLANG_WARN_UNGUARDED_AVAILABILITY = YES_AGGRESSIVE;
				CLANG_WARN_UNREACHABLE_CODE = YES;
				CLANG_WARN__DUPLICATE_METHOD_MATCH = YES;
				COPY_PHASE_STRIP = NO;
				DEBUG_INFORMATION_FORMAT = dwarf;
				ENABLE_STRICT_OBJC_MSGSEND = YES;
				ENABLE_TESTABILITY = YES;
				GCC_C_LANGUAGE_STANDARD = gnu11;
				GCC_DYNAMIC_NO_PIC = NO;
				GCC_NO_COMMON_BLOCKS = YES;
				GCC_OPTIMIZATION_LEVEL = 0;
				GCC_PREPROCESSOR_DEFINITIONS = (
					"DEBUG=1",
					"$(inherited)",
				);
				GCC_WARN_64_TO_32_BIT_CONVERSION = YES;
				GCC_WARN_ABOUT_RETURN_TYPE = YES_ERROR;
				GCC_WARN_UNDECLARED_SELECTOR = YES;
				GCC_WARN_UNINITIALIZED_AUTOS = YES_AGGRESSIVE;
				GCC_WARN_UNUSED_FUNCTION = YES;
				GCC_WARN_UNUSED_VARIABLE = YES;
				IPHONEOS_DEPLOYMENT_TARGET = 14.4;
				MTL_ENABLE_DEBUG_INFO = INCLUDE_SOURCE;
				MTL_FAST_MATH = YES;
				ONLY_ACTIVE_ARCH = YES;
				SDKROOT = iphoneos;
				SWIFT_ACTIVE_COMPILATION_CONDITIONS = DEBUG;
				SWIFT_OPTIMIZATION_LEVEL = "-Onone";
			};
			name = Debug;
		};
		1EF2B80C279817A600BBDE71 /* Release */ = {
			isa = XCBuildConfiguration;
			buildSettings = {
				ALWAYS_SEARCH_USER_PATHS = NO;
				CLANG_ANALYZER_NONNULL = YES;
				CLANG_ANALYZER_NUMBER_OBJECT_CONVERSION = YES_AGGRESSIVE;
				CLANG_CXX_LANGUAGE_STANDARD = "gnu++14";
				CLANG_CXX_LIBRARY = "libc++";
				CLANG_ENABLE_MODULES = YES;
				CLANG_ENABLE_OBJC_ARC = YES;
				CLANG_ENABLE_OBJC_WEAK = YES;
				CLANG_WARN_BLOCK_CAPTURE_AUTORELEASING = YES;
				CLANG_WARN_BOOL_CONVERSION = YES;
				CLANG_WARN_COMMA = YES;
				CLANG_WARN_CONSTANT_CONVERSION = YES;
				CLANG_WARN_DEPRECATED_OBJC_IMPLEMENTATIONS = YES;
				CLANG_WARN_DIRECT_OBJC_ISA_USAGE = YES_ERROR;
				CLANG_WARN_DOCUMENTATION_COMMENTS = YES;
				CLANG_WARN_EMPTY_BODY = YES;
				CLANG_WARN_ENUM_CONVERSION = YES;
				CLANG_WARN_INFINITE_RECURSION = YES;
				CLANG_WARN_INT_CONVERSION = YES;
				CLANG_WARN_NON_LITERAL_NULL_CONVERSION = YES;
				CLANG_WARN_OBJC_IMPLICIT_RETAIN_SELF = YES;
				CLANG_WARN_OBJC_LITERAL_CONVERSION = YES;
				CLANG_WARN_OBJC_ROOT_CLASS = YES_ERROR;
				CLANG_WARN_QUOTED_INCLUDE_IN_FRAMEWORK_HEADER = YES;
				CLANG_WARN_RANGE_LOOP_ANALYSIS = YES;
				CLANG_WARN_STRICT_PROTOTYPES = YES;
				CLANG_WARN_SUSPICIOUS_MOVE = YES;
				CLANG_WARN_UNGUARDED_AVAILABILITY = YES_AGGRESSIVE;
				CLANG_WARN_UNREACHABLE_CODE = YES;
				CLANG_WARN__DUPLICATE_METHOD_MATCH = YES;
				COPY_PHASE_STRIP = NO;
				DEBUG_INFORMATION_FORMAT = "dwarf-with-dsym";
				ENABLE_NS_ASSERTIONS = NO;
				ENABLE_STRICT_OBJC_MSGSEND = YES;
				GCC_C_LANGUAGE_STANDARD = gnu11;
				GCC_NO_COMMON_BLOCKS = YES;
				GCC_WARN_64_TO_32_BIT_CONVERSION = YES;
				GCC_WARN_ABOUT_RETURN_TYPE = YES_ERROR;
				GCC_WARN_UNDECLARED_SELECTOR = YES;
				GCC_WARN_UNINITIALIZED_AUTOS = YES_AGGRESSIVE;
				GCC_WARN_UNUSED_FUNCTION = YES;
				GCC_WARN_UNUSED_VARIABLE = YES;
				IPHONEOS_DEPLOYMENT_TARGET = 14.4;
				MTL_ENABLE_DEBUG_INFO = NO;
				MTL_FAST_MATH = YES;
				SDKROOT = iphoneos;
				SWIFT_COMPILATION_MODE = wholemodule;
				SWIFT_OPTIMIZATION_LEVEL = "-O";
				VALIDATE_PRODUCT = YES;
			};
			name = Release;
		};
		1EF2B80E279817A600BBDE71 /* Debug */ = {
			isa = XCBuildConfiguration;
			buildSettings = {
				ASSETCATALOG_COMPILER_APPICON_NAME = AppIcon;
				ASSETCATALOG_COMPILER_GLOBAL_ACCENT_COLOR_NAME = AccentColor;
				CODE_SIGN_STYLE = Automatic;
				DEVELOPMENT_ASSET_PATHS = "\"Tamagotchi/Preview Content\"";
				ENABLE_PREVIEWS = YES;
				INFOPLIST_FILE = Tamagotchi/Info.plist;
				IPHONEOS_DEPLOYMENT_TARGET = 14.0;
				LD_RUNPATH_SEARCH_PATHS = (
					"$(inherited)",
					"@executable_path/Frameworks",
				);
				PRODUCT_BUNDLE_IDENTIFIER = com.jamestcheng.Tamagotchi;
				PRODUCT_NAME = "$(TARGET_NAME)";
				SWIFT_VERSION = 5.0;
				TARGETED_DEVICE_FAMILY = "1,2";
			};
			name = Debug;
		};
		1EF2B80F279817A600BBDE71 /* Release */ = {
			isa = XCBuildConfiguration;
			buildSettings = {
				ASSETCATALOG_COMPILER_APPICON_NAME = AppIcon;
				ASSETCATALOG_COMPILER_GLOBAL_ACCENT_COLOR_NAME = AccentColor;
				CODE_SIGN_STYLE = Automatic;
				DEVELOPMENT_ASSET_PATHS = "\"Tamagotchi/Preview Content\"";
				ENABLE_PREVIEWS = YES;
				INFOPLIST_FILE = Tamagotchi/Info.plist;
				IPHONEOS_DEPLOYMENT_TARGET = 14.0;
				LD_RUNPATH_SEARCH_PATHS = (
					"$(inherited)",
					"@executable_path/Frameworks",
				);
				PRODUCT_BUNDLE_IDENTIFIER = com.jamestcheng.Tamagotchi;
				PRODUCT_NAME = "$(TARGET_NAME)";
				SWIFT_VERSION = 5.0;
				TARGETED_DEVICE_FAMILY = "1,2";
			};
			name = Release;
		};
		1EF2B811279817A600BBDE71 /* Debug */ = {
			isa = XCBuildConfiguration;
			buildSettings = {
				ALWAYS_EMBED_SWIFT_STANDARD_LIBRARIES = YES;
				BUNDLE_LOADER = "$(TEST_HOST)";
				CODE_SIGN_STYLE = Automatic;
				INFOPLIST_FILE = TamagotchiTests/Info.plist;
				IPHONEOS_DEPLOYMENT_TARGET = 14.0;
				LD_RUNPATH_SEARCH_PATHS = (
					"$(inherited)",
					"@executable_path/Frameworks",
					"@loader_path/Frameworks",
				);
				PRODUCT_BUNDLE_IDENTIFIER = com.jamestcheng.TamagotchiTests;
				PRODUCT_NAME = "$(TARGET_NAME)";
				SWIFT_VERSION = 5.0;
				TARGETED_DEVICE_FAMILY = "1,2";
				TEST_HOST = "$(BUILT_PRODUCTS_DIR)/Tamagotchi.app/Tamagotchi";
			};
			name = Debug;
		};
		1EF2B812279817A600BBDE71 /* Release */ = {
			isa = XCBuildConfiguration;
			buildSettings = {
				ALWAYS_EMBED_SWIFT_STANDARD_LIBRARIES = YES;
				BUNDLE_LOADER = "$(TEST_HOST)";
				CODE_SIGN_STYLE = Automatic;
				INFOPLIST_FILE = TamagotchiTests/Info.plist;
				IPHONEOS_DEPLOYMENT_TARGET = 14.0;
				LD_RUNPATH_SEARCH_PATHS = (
					"$(inherited)",
					"@executable_path/Frameworks",
					"@loader_path/Frameworks",
				);
				PRODUCT_BUNDLE_IDENTIFIER = com.jamestcheng.TamagotchiTests;
				PRODUCT_NAME = "$(TARGET_NAME)";
				SWIFT_VERSION = 5.0;
				TARGETED_DEVICE_FAMILY = "1,2";
				TEST_HOST = "$(BUILT_PRODUCTS_DIR)/Tamagotchi.app/Tamagotchi";
			};
			name = Release;
		};
		1EF2B814279817A600BBDE71 /* Debug */ = {
			isa = XCBuildConfiguration;
			buildSettings = {
				ALWAYS_EMBED_SWIFT_STANDARD_LIBRARIES = YES;
				CODE_SIGN_STYLE = Automatic;
				INFOPLIST_FILE = TamagotchiUITests/Info.plist;
				LD_RUNPATH_SEARCH_PATHS = (
					"$(inherited)",
					"@executable_path/Frameworks",
					"@loader_path/Frameworks",
				);
				PRODUCT_BUNDLE_IDENTIFIER = com.jamestcheng.TamagotchiUITests;
				PRODUCT_NAME = "$(TARGET_NAME)";
				SWIFT_VERSION = 5.0;
				TARGETED_DEVICE_FAMILY = "1,2";
				TEST_TARGET_NAME = Tamagotchi;
			};
			name = Debug;
		};
		1EF2B815279817A600BBDE71 /* Release */ = {
			isa = XCBuildConfiguration;
			buildSettings = {
				ALWAYS_EMBED_SWIFT_STANDARD_LIBRARIES = YES;
				CODE_SIGN_STYLE = Automatic;
				INFOPLIST_FILE = TamagotchiUITests/Info.plist;
				LD_RUNPATH_SEARCH_PATHS = (
					"$(inherited)",
					"@executable_path/Frameworks",
					"@loader_path/Frameworks",
				);
				PRODUCT_BUNDLE_IDENTIFIER = com.jamestcheng.TamagotchiUITests;
				PRODUCT_NAME = "$(TARGET_NAME)";
				SWIFT_VERSION = 5.0;
				TARGETED_DEVICE_FAMILY = "1,2";
				TEST_TARGET_NAME = Tamagotchi;
			};
			name = Release;
		};
/* End XCBuildConfiguration section */

/* Begin XCConfigurationList section */
		1EF2B7E3279817A300BBDE71 /* Build configuration list for PBXProject "Tamagotchi" */ = {
			isa = XCConfigurationList;
			buildConfigurations = (
				1EF2B80B279817A600BBDE71 /* Debug */,
				1EF2B80C279817A600BBDE71 /* Release */,
			);
			defaultConfigurationIsVisible = 0;
			defaultConfigurationName = Release;
		};
		1EF2B80D279817A600BBDE71 /* Build configuration list for PBXNativeTarget "Tamagotchi" */ = {
			isa = XCConfigurationList;
			buildConfigurations = (
				1EF2B80E279817A600BBDE71 /* Debug */,
				1EF2B80F279817A600BBDE71 /* Release */,
			);
			defaultConfigurationIsVisible = 0;
			defaultConfigurationName = Release;
		};
		1EF2B810279817A600BBDE71 /* Build configuration list for PBXNativeTarget "TamagotchiTests" */ = {
			isa = XCConfigurationList;
			buildConfigurations = (
				1EF2B811279817A600BBDE71 /* Debug */,
				1EF2B812279817A600BBDE71 /* Release */,
			);
			defaultConfigurationIsVisible = 0;
			defaultConfigurationName = Release;
		};
		1EF2B813279817A600BBDE71 /* Build configuration list for PBXNativeTarget "TamagotchiUITests" */ = {
			isa = XCConfigurationList;
			buildConfigurations = (
				1EF2B814279817A600BBDE71 /* Debug */,
				1EF2B815279817A600BBDE71 /* Release */,
			);
			defaultConfigurationIsVisible = 0;
			defaultConfigurationName = Release;
		};
/* End XCConfigurationList section */
	};
	rootObject = 1EF2B7E0279817A300BBDE71 /* Project object */;
}
